{
  "version": 1,
  "lockedAt": "2026-08-24T19:02:03.371Z",
  "skills": {
    "blog": {
      "source": {
        "type": "local",
        "name": "personal",
        "path": "~/.skill-sync/skills/blog",
        "fetchedAt": "2026-08-05T15:04:57.541Z"
      },
      "installMode": "mirror",
      "files": {
        "SKILL.md": {
          "sha256": "d6604517e5eedc35435114d85476affd2c22ac54e1294694e6e768d338915e14",
          "size": 1862
        },
        "references/audit.md": {
          "sha256": "806b068e9462498ef3e46f7a0a2e122d872ae6bbcf5d013249d3f428dbb37ee1",
          "size": 185
        },
        "references/cleanup.md": {
          "sha256": "a837bc371986456d5eb504067d9557c8d6fad3a83f90dd834d343206801bb4e9",
          "size": 144
        },
        "references/critique.md": {
          "sha256": "8f4fd4cb9d86b73d8f47438542e28d84bf32b6953e7c75323d6ed6cb5f677d5f",
          "size": 1876
        },
        "references/deformulize.md": {
          "sha256": "17cf904d4fd63b1e1615e6865c77c477f895f5d54a4949039e186c5637a32024",
          "size": 199
        },
        "references/draft.md": {
          "sha256": "f9553254ba403112f9b4bd219790868d13233fb620c9ed6e2c06b72a419d644a",
          "size": 336
        },
        "references/editorial-review.md": {
          "sha256": "86e07271e1172621333c1a1ce46a86eab7de309b19f5e6d8563d6074abc06b66",
          "size": 182
        },
        "references/plan.md": {
          "sha256": "35381b5f9924b22a0a39a9c07be4adfaed1eb926051982c3831b4cc062ff9d09",
          "size": 334
        },
        "references/research.md": {
          "sha256": "313d53a105109c5c624fdf71593389d51703cdbb26d8d37b64549c23a48290a5",
          "size": 333
        },
        "skill.yaml": {
          "sha256": "2270508629a3b88b84b12e91018c16694d6be21d6d58ca9932deb9f3fd21fac5",
          "size": 256
        }
      }
    },
    "bossmode": {
      "source": {
        "type": "git",
        "name": "bossmode",
        "url": "https://github.com/joeharris76/bossmode.git",
        "ref": "2709dabbb5cde9a129d1ad5a61fca3cfd3c3089e",
        "subdir": ".agents/skills",
        "fetchedAt": "2026-08-25T16:15:00.000Z"
      },
      "installMode": "mirror",
      "files": {
        "SKILL.md": {
          "sha256": "3c18182b8df2d6041ba20e8774e2b9381f8eea5a62af4949c69332b7ebb231c4",
          "size": 10293
        },
        "skill.yaml": {
          "sha256": "6ceb8ac77a646a81d17370124ddbce8b931b5784c97a81f0027ba26354307763",
          "size": 94
        }
      }
    },
    "code": {
      "source": {
        "type": "local",
        "name": "personal",
        "path": "~/.skill-sync/skills/code",
        "fetchedAt": "2026-08-05T15:04:57.543Z"
      },
      "installMode": "mirror",
      "files": {
        "SKILL.md": {
          "sha256": "7cf3fb75ade864fc153630db25630f124bac1d7604d3c6875205e20763c17b17",
          "size": 3065
        },
        "references/analysis.md": {
          "sha256": "9d7220de017bc316337f8069e4ba24728b9c27a24d7ec6bb9558c876720459bf",
          "size": 353
        },
        "references/compare.md": {
          "sha256": "68ec27de706d5bdda658c5675eb4d4e48846a43b3b0a20966faae37384cd8735",
          "size": 785
        },
        "references/five-axis-review.md": {
          "sha256": "9029378b858df2d3cb880dafb01dd0c6d5342f0b24261e8dc90e928f9a46f619",
          "size": 5283
        },
        "references/handoff.md": {
          "sha256": "37ecdbe8e88662d8bda26b8b87412081750ba1e23fb804a68e0803fe7cf7e8c2",
          "size": 695
        },
        "references/implementation.md": {
          "sha256": "ec147e27fb9128c374d00fc2c17946de1a3abb00e87dcae23e9b8dbc1a3ea703",
          "size": 744
        },
        "references/iterate.md": {
          "sha256": "a76a29ad71558fab84cce30125beaaca972afaf10905789777ebe5137b6bf9d6",
          "size": 1994
        },
        "references/pr-backlog.md": {
          "sha256": "bed8c826ec11a5b9ea2edc95532765ce485c805a284f991127b581f08d2a45f8",
          "size": 6225
        },
        "references/pr-sweep.md": {
          "sha256": "2d7bb0d0bd18f8a66a232fc8d3dfec3c516dd5c4b312cc347b51b69e364aa49c",
          "size": 4395
        },
        "references/shrink.md": {
          "sha256": "7d199057f82b5883c61ea34a0a32d3f926a03844b0456e78a9f0f98e7b810d1c",
          "size": 334
        },
        "skill.yaml": {
          "sha256": "ea4ff03855ec5a4f2558f7ec62460c2930f13f4eb340e422757aae4ef6b858f5",
          "size": 825
        }
      }
    },
    "test": {
      "source": {
        "type": "local",
        "name": "personal",
        "path": "~/.skill-sync/skills/test",
        "fetchedAt": "2026-08-05T15:04:57.544Z"
      },
      "installMode": "mirror",
      "files": {
        "SKILL.md": {
          "sha256": "2917281a876b1d2e16eac6498ec44ed3e6e9e4c88c3c215f0ca393fbc52aa89f",
          "size": 1573
        },
        "references/cleanup.md": {
          "sha256": "de0a4346abacdc800b027d85171bf0778fe5c6fd31f76359b64abb2b9ee4472e",
          "size": 147
        },
        "references/coverage.md": {
          "sha256": "170032b8888fa3a37f26e6d57becdaf31371393d6ed55fa76cf8f1ef0e54b5b3",
          "size": 165
        },
        "references/create.md": {
          "sha256": "6aac824073f93d6f3375acc4ef299f080d51dd909735b65b36883335e1e26140",
          "size": 184
        },
        "references/fix.md": {
          "sha256": "34958400d5b2008a9390a3dba7785abfe4f7b518c2c2c1d91cdf82314c86a646",
          "size": 214
        },
        "references/perf.md": {
          "sha256": "7ce139984b802619008cd8dfe24feb5a1c2aa9c02249e54bd780ecc7cfe546c9",
          "size": 922
        },
        "references/run.md": {
          "sha256": "0b004c21f4578a31a77317ec6115720b49212d66064540ba2509433a5fd528fa",
          "size": 360
        },
        "skill.yaml": {
          "sha256": "fbcc75fd86083324492a9e6f95646d362b5b836a73d8c18a84e35b9a2dc72db7",
          "size": 330
        }
      }
    },
    "docs": {
      "source": {
        "type": "local",
        "name": "personal",
        "path": "~/.skill-sync/skills/docs",
        "fetchedAt": "2026-08-05T15:04:57.545Z"
      },
      "installMode": "mirror",
      "files": {
        "SKILL.md": {
          "sha256": "6995ee5721d35b14674b4ca036be3ff3780453a31b66ba3ea3f96f43a80c4332",
          "size": 1830
        },
        "references/adversarial.md": {
          "sha256": "ecad096267b1dec8ecd4aca836e69bcb23040a66fc3c75a505c1b9a8c7217e73",
          "size": 308
        },
        "references/build.md": {
          "sha256": "5f7adc15b0b22557f26bf1e29ccf7831737b22d0aa5ddd1868e2ff969ddfecd1",
          "size": 169
        },
        "references/commit.md": {
          "sha256": "794ab65275449b0d10e4cad5d9d4c7342b1b2e1d931c3351334cb47d8be9e924",
          "size": 139
        },
        "references/create.md": {
          "sha256": "aa32e1edca7e1339ed5f95821df6a9015239c248006e6c1e50bd7356f6e54132",
          "size": 171
        },
        "references/review.md": {
          "sha256": "8995cad71c54b59c07c4be1324f7fbe5f75ac7a1c250a96539dfcc7a942f1475",
          "size": 176
        },
        "skill.yaml": {
          "sha256": "91e992b131f8b460191193968c6897bab85ce13049636d6e388b7925b851206b",
          "size": 179
        }
      }
    },
    "todo": {
      "source": {
        "type": "local",
        "name": "personal",
        "path": "~/.skill-sync/skills/todo",
        "fetchedAt": "2026-08-05T15:04:57.547Z"
      },
      "installMode": "mirror",
      "files": {
        "SKILL.md": {
          "sha256": "b2fae7c4bea44a0a6e9605f44ad480924ec0a20821e079a398585c5d1ed62589",
          "size": 3942
        },
        "references/batch.md": {
          "sha256": "25a1a8ae5b9d70d4644a1ad87ff7b47f0d2426afcf532d2aa498195bd590a4ee",
          "size": 6430
        },
        "references/bootstrap.md": {
          "sha256": "09c2b8f49d617b4319c8fe004184a9e7b4e83e6f13223bccd7f532049c15199d",
          "size": 3095
        },
        "references/closeout.md": {
          "sha256": "d2bd9ba6965e76020f2184d3aca1434c067bbfaa6dfcb43e1f6f51078af01773",
          "size": 1894
        },
        "references/handoff.md": {
          "sha256": "3c35c0001a14dae4c000750de7ccc75f89ee89daee6bd426a1677c894730dfe9",
          "size": 1657
        },
        "references/ideate.md": {
          "sha256": "119d827f10d4978518265dbf37fafbe57ae5830518f25b083913ed25ff6a8f5e",
          "size": 419
        },
        "references/implement.md": {
          "sha256": "5c3fa90df411bd52d82238e1734a4ea1d8aa2783b76d7071be73a54ff75cf5bd",
          "size": 1166
        },
        "references/prioritize.md": {
          "sha256": "0fd22f6a8cc0f51841fea3745559132ede4be39a27b5a01cdec3dacd98913c69",
          "size": 4548
        },
        "references/queries.md": {
          "sha256": "11ae465326ec08c012ea7beb5aadbd3d5faeee90ad2140a7f8d3a46fd022f724",
          "size": 1829
        },
        "references/review.md": {
          "sha256": "cdc8b2f78d62ac650454032b76654637ecc607deb86bb779ea0883be8c61d62c",
          "size": 756
        },
        "references/spec.md": {
          "sha256": "3f0e3bd1c1a061c399bdd75b51cdde2c90c9f9fbc3394a0d0aeff14258c12474",
          "size": 463
        },
        "skill.yaml": {
          "sha256": "e2c0b40d9935492621e6d21ab216a6227f4bae8f3808ed004d995d0f1b5bbff3",
          "size": 213
        }
      }
    },
    "benchbox": {
      "source": {
        "type": "local",
        "name": "personal",
        "path": "~/.skill-sync/skills/benchbox",
        "fetchedAt": "2026-08-05T15:04:57.548Z"
      },
      "installMode": "mirror",
      "files": {
        "SKILL.md": {
          "sha256": "4dcd5d91f5798162347777e76ef493845327d3684b7ade084f285438b2fc9530",
          "size": 2018
        },
        "references/architecture.md": {
          "sha256": "fd90971630c08e93c8edc6d549da9a758f565981f8e25a376c87bef263797bee",
          "size": 562
        },
        "references/binary.md": {
          "sha256": "e8520c37c672523cdd1ae31800b557491a148ec74cee77caac86bb773c2370f2",
          "size": 477
        },
        "references/compare.md": {
          "sha256": "1f3dbc50dd46069b6654d833595cdbcebbafad4e0d05c81ec66ae119d4f56346",
          "size": 475
        },
        "references/compliance.md": {
          "sha256": "09190b046521c367495bedbb06a4c08bdf25d6c311e8af6f03c30c87b93d7db6",
          "size": 485
        },
        "references/dialect.md": {
          "sha256": "b4be36352ad193d70d71337353bb781e7f7c16755803abfc5040a5a8b8bde246",
          "size": 499
        },
        "references/live.md": {
          "sha256": "32394d63716c022d51d2c8525101f0158c2c7dd293c49dee76922b1aaee49b54",
          "size": 519
        },
        "references/plan.md": {
          "sha256": "e7fdb2a5a3963ea4be5a961835b597b2b416bbe6689597437a8897db07c91815",
          "size": 813
        },
        "references/quality.md": {
          "sha256": "eb1bdef3d86edb12dccc15d96af3f90f2d89f408f100605383ff0d14d258032c",
          "size": 471
        },
        "references/release.md": {
          "sha256": "5c54005ab99497d511f5b747d15517ff6161acc9c1be727f763e646268a99189",
          "size": 2505
        },
        "references/test.md": {
          "sha256": "3a9ed05850d49f48b53025f0943cc1b632135e51fcddd64778e3951b8d07a248",
          "size": 601
        },
        "skill.yaml": {
          "sha256": "22f5be90394512a15d78b0f38d2d6916164da8eda20255652d3672979a0e3f89",
          "size": 126
        }
      }
    },
    "substack": {
      "source": {
        "type": "local",
        "name": "personal",
        "path": "~/.skill-sync/skills/substack",
        "fetchedAt": "2026-08-05T15:04:57.549Z"
      },
      "installMode": "mirror",
      "files": {
        "SKILL.md": {
          "sha256": "37ef4bbe61df53c7a369df6854fcd92080b7a713cd7bffee9d51fe53c6e325cf",
          "size": 1430
        },
        "references/drafts.md": {
          "sha256": "f73d8f5b12578b691834c25b108d7f91b7435f99561144f1dd373945b013ca2f",
          "size": 731
        },
        "references/publication.md": {
          "sha256": "12b12b6205639731ca862d75068d73c206a0a973d1ebf0b89d29dba4ac56c681",
          "size": 619
        },
        "references/read.md": {
          "sha256": "e8c537a33892eaad2abf840c035c9d9890f4684b6f24adc09d44996b487b90f9",
          "size": 872
        },
        "references/sync.md": {
          "sha256": "55835c5b2898ec81e70281619e59b7afda4787df1b32abf28f87abc4e75d2ffa",
          "size": 697
        },
        "skill.yaml": {
          "sha256": "c5a37db0fe9b74f1df29811b256256348aaad1a107be463985acdab7496582dd",
          "size": 127
        }
      }
    },
    "tidy-perms": {
      "source": {
        "type": "local",
        "name": "personal",
        "path": "~/.skill-sync/skills/tidy-perms",
        "fetchedAt": "2026-08-05T15:04:57.550Z"
      },
      "installMode": "mirror",
      "files": {
        "SKILL.md": {
          "sha256": "6966708341beb706c2fe987b5243bde520150a45cd289040b75f584213d6bffb",
          "size": 1252
        },
        "references/audit.md": {
          "sha256": "4b7775ccdc46642f12de659d88bd88725331a55f1b8b7094776b6dc7ca9200ed",
          "size": 667
        },
        "references/consolidate.md": {
          "sha256": "07f70619c416fa4f894c69f9a88e404ca5d9ee0149962298a33666ce08b94d7b",
          "size": 963
        },
        "references/permissions-model.md": {
          "sha256": "0730ce883ad1f8aa0c004c6bf0d07ceeb0cd7f1c52a580499878eb5114778da7",
          "size": 1413
        },
        "skill.yaml": {
          "sha256": "af7b0283958278c7a251304afdb058a793d1e33687c0574f27492462c8780be6",
          "size": 289
        }
      }
    },
    "SHARED/change-framework": {
      "source": {
        "type": "local",
        "name": "personal",
        "path": "~/.skill-sync/skills/SHARED/change-framework",
        "fetchedAt": "2026-08-05T15:04:57.551Z"
      },
      "installMode": "mirror",
      "files": {
        "SKILL.md": {
          "sha256": "45785958e49d7d8954cdedc8f55f7bd332993344d519de3ebe05b9fadbce7e19",
          "size": 6091
        },
        "skill.yaml": {
          "sha256": "39b007a53d9126d3fe4e8938a67d616a52be210a82ba211753afa92a073d06bd",
          "size": 78
        }
      }
    },
    "SHARED/investigation-framework": {
      "source": {
        "type": "local",
        "name": "personal",
        "path": "~/.skill-sync/skills/SHARED/investigation-framework",
        "fetchedAt": "2026-08-05T15:04:57.551Z"
      },
      "installMode": "mirror",
      "files": {
        "SKILL.md": {
          "sha256": "12e219c5c9863dfb4a2dfb60307b517df43b03b756e31009cfb90781f402813e",
          "size": 6912
        },
        "skill.yaml": {
          "sha256": "cf2949bf1f6abaf42f3a7aef998fe86e89c07856b69636286a1c0ef66ac22b0e",
          "size": 114
        }
      }
    },
    "SHARED/review-protocol": {
      "source": {
        "type": "local",
        "name": "personal",
        "path": "~/.skill-sync/skills/SHARED/review-protocol",
        "fetchedAt": "2026-08-05T15:04:57.552Z"
      },
      "installMode": "mirror",
      "files": {
        "SKILL.md": {
          "sha256": "804cd1618521e8602577efd83ff02fadcbc18a221f138c228e6b3fdca14d18ae",
          "size": 6140
        },
        "references/adversarial-review.md": {
          "sha256": "923ea419ffa1244a15faabc0f5f3dd2a03b7db2fe0dae40f508e81d78063b2ce",
          "size": 1852
        },
        "skill.yaml": {
          "sha256": "8ba7fbc70f4982b16da1f7220244aa801ad482ebb4ecd88e73b50b6a95adfa6d",
          "size": 219
        }
      }
    }
  }
}
