{
  "version": 1,
  "lockedAt": "2026-08-10T14:20:26.073188Z",
  "skills": {
    "blog": {
      "source": {
        "type": "local",
        "name": "personal",
        "path": "~/.skill-sync/skills/blog",
        "fetchedAt": "2026-08-05T15:04:57.541Z"
      },
      "installMode": "mirror",
      "files": {
        "SKILL.md": {
          "sha256": "5968b27afcf8f8416e09fdb2b1c63e4fa080f583ad57e7f54c0012ef75e9dacf",
          "size": 1761
        },
        "references/audit.md": {
          "sha256": "806b068e9462498ef3e46f7a0a2e122d872ae6bbcf5d013249d3f428dbb37ee1",
          "size": 185
        },
        "references/cleanup.md": {
          "sha256": "a837bc371986456d5eb504067d9557c8d6fad3a83f90dd834d343206801bb4e9",
          "size": 144
        },
        "references/critique.md": {
          "sha256": "9b9075e9f9339658f195b2ab0d33d07b1e6ca70cdd110dd2684ae42fa327472c",
          "size": 2077
        },
        "references/deformulize.md": {
          "sha256": "17cf904d4fd63b1e1615e6865c77c477f895f5d54a4949039e186c5637a32024",
          "size": 199
        },
        "references/draft.md": {
          "sha256": "2bc7e67782bc8699362ad26700844a15c7184daf794fb4d6d052254f5e28f097",
          "size": 228
        },
        "references/editorial-review.md": {
          "sha256": "86e07271e1172621333c1a1ce46a86eab7de309b19f5e6d8563d6074abc06b66",
          "size": 182
        },
        "references/plan.md": {
          "sha256": "35381b5f9924b22a0a39a9c07be4adfaed1eb926051982c3831b4cc062ff9d09",
          "size": 334
        },
        "references/research.md": {
          "sha256": "313d53a105109c5c624fdf71593389d51703cdbb26d8d37b64549c23a48290a5",
          "size": 333
        },
        "skill.yaml": {
          "sha256": "0b1ef0c325132a4b6de2d719c07337a177e22709048749bfd7940e59f614721f",
          "size": 263
        }
      }
    },
    "code": {
      "source": {
        "type": "local",
        "name": "personal",
        "path": "~/.skill-sync/skills/code",
        "fetchedAt": "2026-08-05T15:04:57.543Z"
      },
      "installMode": "mirror",
      "files": {
        "SKILL.md": {
          "sha256": "329d836f50402ccbc6e4f080eeee7236b75c7e1104777ceb37c5224c2b1340d3",
          "size": 2134
        },
        "references/analysis.md": {
          "sha256": "9d7220de017bc316337f8069e4ba24728b9c27a24d7ec6bb9558c876720459bf",
          "size": 353
        },
        "references/compare.md": {
          "sha256": "ad204e332a4e50148a1ca067e63d97e9eb3f34b63e1b67892501b03874769429",
          "size": 794
        },
        "references/five-axis-review.md": {
          "sha256": "d6390083e3bc28e2b575c9e62cd5d938c7ad52391b930bfe3906f876c59c0441",
          "size": 6404
        },
        "references/handoff.md": {
          "sha256": "37ecdbe8e88662d8bda26b8b87412081750ba1e23fb804a68e0803fe7cf7e8c2",
          "size": 695
        },
        "references/implementation.md": {
          "sha256": "d89bf98478d06f927a7aea018ab76b557799d4b8a9a1f2fc66f134698292d51c",
          "size": 934
        },
        "references/iterate.md": {
          "sha256": "f3293cadaf137a5e5bf8dd47e1096072f3622a005a786921c752abea559a89be",
          "size": 1946
        },
        "references/shrink.md": {
          "sha256": "29304d2b2a63d20051c5a7a2eb10978e7bda519ea8c15f48a20d020ca47cf951",
          "size": 745
        },
        "skill.yaml": {
          "sha256": "fbd59084837d740abc6bad9d5f764cd22c189952f58a3674d43c4c9c6ac1b335",
          "size": 847
        }
      }
    },
    "test": {
      "source": {
        "type": "local",
        "name": "personal",
        "path": "~/.skill-sync/skills/test",
        "fetchedAt": "2026-08-05T15:04:57.544Z"
      },
      "installMode": "mirror",
      "files": {
        "SKILL.md": {
          "sha256": "15ca63b517f70a6293724c2a006de53c5a819c1d801c015f6446d4f8bff3038b",
          "size": 1554
        },
        "references/cleanup.md": {
          "sha256": "de0a4346abacdc800b027d85171bf0778fe5c6fd31f76359b64abb2b9ee4472e",
          "size": 147
        },
        "references/coverage.md": {
          "sha256": "170032b8888fa3a37f26e6d57becdaf31371393d6ed55fa76cf8f1ef0e54b5b3",
          "size": 165
        },
        "references/create.md": {
          "sha256": "6aac824073f93d6f3375acc4ef299f080d51dd909735b65b36883335e1e26140",
          "size": 184
        },
        "references/fix.md": {
          "sha256": "34958400d5b2008a9390a3dba7785abfe4f7b518c2c2c1d91cdf82314c86a646",
          "size": 214
        },
        "references/perf.md": {
          "sha256": "7ce139984b802619008cd8dfe24feb5a1c2aa9c02249e54bd780ecc7cfe546c9",
          "size": 922
        },
        "references/run.md": {
          "sha256": "0b004c21f4578a31a77317ec6115720b49212d66064540ba2509433a5fd528fa",
          "size": 360
        },
        "skill.yaml": {
          "sha256": "fbcc75fd86083324492a9e6f95646d362b5b836a73d8c18a84e35b9a2dc72db7",
          "size": 330
        }
      }
    },
    "docs": {
      "source": {
        "type": "local",
        "name": "personal",
        "path": "~/.skill-sync/skills/docs",
        "fetchedAt": "2026-08-05T15:04:57.545Z"
      },
      "installMode": "mirror",
      "files": {
        "SKILL.md": {
          "sha256": "89c8178054d76c06245e697e6ffb2b60037fc217efc5b50a340c2a378f6ebbfc",
          "size": 1703
        },
        "references/adversarial.md": {
          "sha256": "9443a86129d03aa00c2facb4c504bb541e530cdef7f1e6da647e79e51d791528",
          "size": 167
        },
        "references/build.md": {
          "sha256": "5f7adc15b0b22557f26bf1e29ccf7831737b22d0aa5ddd1868e2ff969ddfecd1",
          "size": 169
        },
        "references/commit.md": {
          "sha256": "794ab65275449b0d10e4cad5d9d4c7342b1b2e1d931c3351334cb47d8be9e924",
          "size": 139
        },
        "references/create.md": {
          "sha256": "aa32e1edca7e1339ed5f95821df6a9015239c248006e6c1e50bd7356f6e54132",
          "size": 171
        },
        "references/review.md": {
          "sha256": "8995cad71c54b59c07c4be1324f7fbe5f75ac7a1c250a96539dfcc7a942f1475",
          "size": 176
        },
        "skill.yaml": {
          "sha256": "91e992b131f8b460191193968c6897bab85ce13049636d6e388b7925b851206b",
          "size": 179
        }
      }
    },
    "todo": {
      "source": {
        "type": "local",
        "name": "personal",
        "path": "~/.skill-sync/skills/todo",
        "fetchedAt": "2026-08-05T15:04:57.547Z"
      },
      "installMode": "mirror",
      "files": {
        "SKILL.md": {
          "sha256": "9419aef8cb09779129eba6756034b881ea5394774e499c70903296a532170957",
          "size": 3517
        },
        "references/batch.md": {
          "sha256": "185c3b76b6ee8dacc41e6d50f0a3ac50bfd753f3d417ce863bd3b08d4b1276a1",
          "size": 6445
        },
        "references/bootstrap.md": {
          "sha256": "ea29918ad420016d5f65adf5777c8fe3f6c86311045bcdc3c45fae5ada05bf39",
          "size": 3853
        },
        "references/ideate.md": {
          "sha256": "00733f03658b2f215eaeebc25739a4ab7d57898fed162045e18f0c389cdc2609",
          "size": 461
        },
        "references/implement.md": {
          "sha256": "1f46a778d6fdcef251520f44de6632f5211db608aa1a5005df6a6976948eab03",
          "size": 1244
        },
        "references/prioritize.md": {
          "sha256": "24720a9f300a081e893ebc3052855d8081e1cafa67eb3a710ad095a55e2975c9",
          "size": 6015
        },
        "references/queries.md": {
          "sha256": "f02d3acb9772db59baa42394a5471145be82550ddcd64ebdc16912b90ac314fa",
          "size": 1850
        },
        "references/review.md": {
          "sha256": "09296f7252cb92f53e99d06344f82d2b7d842abe5f7bad58e36cb4137c427e6f",
          "size": 360
        },
        "references/spec.md": {
          "sha256": "b8eb188d006cdc4caa926430eb93b7fcc98a5034d2954b6776fef15f7a27582d",
          "size": 598
        },
        "skill.yaml": {
          "sha256": "e2c0b40d9935492621e6d21ab216a6227f4bae8f3808ed004d995d0f1b5bbff3",
          "size": 213
        }
      }
    },
    "benchbox": {
      "source": {
        "type": "local",
        "name": "personal",
        "path": "~/.skill-sync/skills/benchbox",
        "fetchedAt": "2026-08-05T15:04:57.548Z"
      },
      "installMode": "mirror",
      "files": {
        "SKILL.md": {
          "sha256": "d289c3cb7fa3d02ac74257e99b848102a3ed2a780aebe1a00f184adb3fdd0542",
          "size": 1996
        },
        "references/architecture.md": {
          "sha256": "fd90971630c08e93c8edc6d549da9a758f565981f8e25a376c87bef263797bee",
          "size": 562
        },
        "references/binary.md": {
          "sha256": "4ad626f9ae5d711c69f0bff7250c38f43c3c27f5acb2470769a0eed0178a92f5",
          "size": 481
        },
        "references/compare.md": {
          "sha256": "1f3dbc50dd46069b6654d833595cdbcebbafad4e0d05c81ec66ae119d4f56346",
          "size": 475
        },
        "references/compliance.md": {
          "sha256": "09190b046521c367495bedbb06a4c08bdf25d6c311e8af6f03c30c87b93d7db6",
          "size": 485
        },
        "references/dialect.md": {
          "sha256": "b4be36352ad193d70d71337353bb781e7f7c16755803abfc5040a5a8b8bde246",
          "size": 499
        },
        "references/live.md": {
          "sha256": "32394d63716c022d51d2c8525101f0158c2c7dd293c49dee76922b1aaee49b54",
          "size": 519
        },
        "references/plan.md": {
          "sha256": "28de488ff92701fe8a59e76547745f4ed8a3664883b33cdeb1fd080db2f29e57",
          "size": 757
        },
        "references/quality.md": {
          "sha256": "eb1bdef3d86edb12dccc15d96af3f90f2d89f408f100605383ff0d14d258032c",
          "size": 471
        },
        "references/test.md": {
          "sha256": "e8028378a9f13c7b748eee201335b7448c52ccbb4fc68c3f9271fab8954d15db",
          "size": 585
        },
        "skill.yaml": {
          "sha256": "00bf607e7bbefc290148cd0a87620a91d2c2b84bd9895686f1dd9eca928954bd",
          "size": 89
        }
      }
    },
    "substack": {
      "source": {
        "type": "local",
        "name": "personal",
        "path": "~/.skill-sync/skills/substack",
        "fetchedAt": "2026-08-05T15:04:57.549Z"
      },
      "installMode": "mirror",
      "files": {
        "SKILL.md": {
          "sha256": "091e6851c9ce21e26a1534ecc1c03da722d93e3d5d513d5beaf8dca3ebd2e0ae",
          "size": 1466
        },
        "references/drafts.md": {
          "sha256": "b2ca058427ff6007e87e394055f5a820a542d818b103ffa97ed7b9328c772b3a",
          "size": 758
        },
        "references/publication.md": {
          "sha256": "12b12b6205639731ca862d75068d73c206a0a973d1ebf0b89d29dba4ac56c681",
          "size": 619
        },
        "references/read.md": {
          "sha256": "e8c537a33892eaad2abf840c035c9d9890f4684b6f24adc09d44996b487b90f9",
          "size": 872
        },
        "references/sync.md": {
          "sha256": "ba14d10c259e434c9d60073db772583b03e66f43b0ed990f668b2dfb2feb567c",
          "size": 739
        },
        "skill.yaml": {
          "sha256": "c5a37db0fe9b74f1df29811b256256348aaad1a107be463985acdab7496582dd",
          "size": 127
        }
      }
    },
    "tidy-perms": {
      "source": {
        "type": "local",
        "name": "personal",
        "path": "~/.skill-sync/skills/tidy-perms",
        "fetchedAt": "2026-08-05T15:04:57.550Z"
      },
      "installMode": "mirror",
      "files": {
        "SKILL.md": {
          "sha256": "4d5668bca9bfbf274523034315e472bee3891b60ed47ed151c1c06e152434850",
          "size": 1178
        },
        "references/audit.md": {
          "sha256": "351e930fcb1df92b896c38395c42cea0e0a4b5f7b2379a2482fb608f9e5b3a55",
          "size": 773
        },
        "references/consolidate.md": {
          "sha256": "07f70619c416fa4f894c69f9a88e404ca5d9ee0149962298a33666ce08b94d7b",
          "size": 963
        },
        "references/permissions-model.md": {
          "sha256": "0730ce883ad1f8aa0c004c6bf0d07ceeb0cd7f1c52a580499878eb5114778da7",
          "size": 1413
        },
        "skill.yaml": {
          "sha256": "6d78cd1a38c54d7c83954e28c997e980ed0e5cd02a5b190c2c2cd38663cb21c5",
          "size": 405
        }
      }
    },
    "skill-sync": {
      "source": {
        "type": "local",
        "name": "personal",
        "path": "~/.skill-sync/skills/skill-sync",
        "fetchedAt": "2026-08-10T14:20:26.073043Z"
      },
      "installMode": "mirror",
      "files": {
        "SKILL.md": {
          "sha256": "07fddec0ae3c0253bcca4b36bdb52991f2f43b296988e2ed40a3555a62d98754",
          "size": 1627
        },
        "skill.yaml": {
          "sha256": "a65d60707d5db13f2d80a7ecb375cf42d624e393da19fb72956426c32efe007e",
          "size": 167
        },
        "references/operations.md": {
          "sha256": "d5ac7f9bd137367e9cfb9332e40ceaf949ad0bb07e5a77584f32217e8db20b05",
          "size": 1100
        }
      }
    },
    "SHARED/change-framework": {
      "source": {
        "type": "local",
        "name": "personal",
        "path": "~/.skill-sync/skills/SHARED/change-framework",
        "fetchedAt": "2026-08-05T15:04:57.551Z"
      },
      "installMode": "mirror",
      "files": {
        "SKILL.md": {
          "sha256": "56b570b0cc31a95e81754d27828e7db3021a4f7c8635121718ba8618944567ea",
          "size": 4982
        },
        "skill.yaml": {
          "sha256": "39b007a53d9126d3fe4e8938a67d616a52be210a82ba211753afa92a073d06bd",
          "size": 78
        }
      }
    },
    "SHARED/investigation-framework": {
      "source": {
        "type": "local",
        "name": "personal",
        "path": "~/.skill-sync/skills/SHARED/investigation-framework",
        "fetchedAt": "2026-08-05T15:04:57.551Z"
      },
      "installMode": "mirror",
      "files": {
        "SKILL.md": {
          "sha256": "2ce7f123824ed7b0a590d07c816237884799dcca0eeb338a6a4a5fbbc1a01540",
          "size": 7298
        },
        "skill.yaml": {
          "sha256": "cf2949bf1f6abaf42f3a7aef998fe86e89c07856b69636286a1c0ef66ac22b0e",
          "size": 114
        }
      }
    },
    "SHARED/review-protocol": {
      "source": {
        "type": "local",
        "name": "personal",
        "path": "~/.skill-sync/skills/SHARED/review-protocol",
        "fetchedAt": "2026-08-05T15:04:57.552Z"
      },
      "installMode": "mirror",
      "files": {
        "SKILL.md": {
          "sha256": "b4f5e06a2f0139ec311f084cfcbd39b0a2d5d9933c499bccb394f8f15269bc4c",
          "size": 4673
        },
        "skill.yaml": {
          "sha256": "187c448569159314ce05ce063ab529bf4509cae7faa37ce7fab57b4d306360c9",
          "size": 224
        }
      }
    }
  }
}
