{
  "version": 1,
  "lockedAt": "2026-05-23T14:30:20.952Z",
  "skills": {
    "blog": {
      "source": {
        "type": "local",
        "name": "personal",
        "path": "/Users/joe/.skill-sync/skills/blog",
        "fetchedAt": "2026-05-23T14:30:20.926Z"
      },
      "installMode": "mirror",
      "files": {
        "references/critique.md": {
          "sha256": "95ae54273bca1e1a2d99d812b529b5f0955411ecb4d51bc8c0000de99768501c",
          "size": 2117
        },
        "SKILL.md": {
          "sha256": "4bb1876c53495598e1fe46a2e00d23628420590ca7bbae92106445ccb2fa2da4",
          "size": 3812
        },
        "skill.yaml": {
          "sha256": "44bf3fd9cae4da27eee662fb0e91b826a4d19c1757ac4474b57952eee94ec36f",
          "size": 183
        }
      }
    },
    "code": {
      "source": {
        "type": "local",
        "name": "personal",
        "path": "/Users/joe/.skill-sync/skills/code",
        "fetchedAt": "2026-05-23T14:30:20.929Z"
      },
      "installMode": "mirror",
      "files": {
        "references/compare.md": {
          "sha256": "225467c450947cfea167667b53f3962724860d918f04fbcbd7e3c984a663978f",
          "size": 770
        },
        "references/five-axis-review.md": {
          "sha256": "d6a42dbc556544cf8b292c6ba23ccbef72911d1cdb6a74e76c543626d161b6f4",
          "size": 4215
        },
        "references/handoff.md": {
          "sha256": "37ecdbe8e88662d8bda26b8b87412081750ba1e23fb804a68e0803fe7cf7e8c2",
          "size": 695
        },
        "references/iterate.md": {
          "sha256": "9b969fbb22b32c75f0cda4e8802c3a4b129531324ea27e365fc0dad8fc6b3de9",
          "size": 1335
        },
        "references/shrink.md": {
          "sha256": "e4aa09578f50e8661b66e8947c90192159a79bb1e50d91a00978e170cafd9988",
          "size": 721
        },
        "SKILL.md": {
          "sha256": "5017e6e44c6765e38d13decd16cbe71a0494a2bd3e2ade8568a42a8dc2ccf9ed",
          "size": 5388
        },
        "skill.yaml": {
          "sha256": "d828f5f4c7075ad76083914ad5b3525bb3ab16d59ba0c293cb8d1f2759cf75bf",
          "size": 1044
        }
      }
    },
    "test": {
      "source": {
        "type": "local",
        "name": "personal",
        "path": "/Users/joe/.skill-sync/skills/test",
        "fetchedAt": "2026-05-23T14:30:20.930Z"
      },
      "installMode": "mirror",
      "files": {
        "references/perf.md": {
          "sha256": "7ce139984b802619008cd8dfe24feb5a1c2aa9c02249e54bd780ecc7cfe546c9",
          "size": 922
        },
        "SKILL.md": {
          "sha256": "2056eb012f1fce643fa5cf05ccf10f75a54ce317c78e158234248bafa9a6b283",
          "size": 2654
        },
        "skill.yaml": {
          "sha256": "58a892c4641cea9cfb10e08f8c91c5d6c728d3cafc43fa8c8d9ed6ede4c23f27",
          "size": 405
        }
      }
    },
    "docs": {
      "source": {
        "type": "local",
        "name": "personal",
        "path": "/Users/joe/.skill-sync/skills/docs",
        "fetchedAt": "2026-05-23T14:30:20.931Z"
      },
      "installMode": "mirror",
      "files": {
        "SKILL.md": {
          "sha256": "ca18bd636d8b511a9a70b72b59add5aa68d76ba10984281c5fa35eb31205b0a3",
          "size": 2549
        },
        "skill.yaml": {
          "sha256": "b348d06c928d986a3714d5337723e59c40a45939e31405a8de2019171de32970",
          "size": 204
        }
      }
    },
    "todo": {
      "source": {
        "type": "local",
        "name": "personal",
        "path": "/Users/joe/.skill-sync/skills/todo",
        "fetchedAt": "2026-05-23T14:30:20.934Z"
      },
      "installMode": "mirror",
      "files": {
        "defaults/TODO_ENTRY_TEMPLATE.yaml": {
          "sha256": "56c4549dcf488b7b33aaea51d1d22669527191443cfd14ab6e32b43ec0fd5552",
          "size": 7515
        },
        "defaults/TODO_SCHEMA.yaml": {
          "sha256": "8c400ff2bfbb6e504c1d9b22d7cc1e28476c0949b93c9a130e4e1c775c6a19da",
          "size": 8773
        },
        "references/batch.md": {
          "sha256": "cb0a74170933678e6171741dcfebf407a849dce68dd015e1798823da4cb3d524",
          "size": 5916
        },
        "references/structure.md": {
          "sha256": "230c2584a274a10f04c296ce822a5322a41f56ef1c4e87eaf977ee3377d633a6",
          "size": 1464
        },
        "SKILL.md": {
          "sha256": "8358856a88588df2dbd1bc999f9f1b64fec0c44541b3b88b818e0ba5a6fe0913",
          "size": 7613
        },
        "skill.yaml": {
          "sha256": "9bd74caf58dbf07c5ae218109faa0a7cb2fefd44ff85b91414d7dc46b82714ab",
          "size": 361
        }
      }
    },
    "benchbox": {
      "source": {
        "type": "local",
        "name": "personal",
        "path": "/Users/joe/.skill-sync/skills/benchbox",
        "fetchedAt": "2026-05-23T14:30:20.936Z"
      },
      "installMode": "mirror",
      "files": {
        "references/architecture.md": {
          "sha256": "fd90971630c08e93c8edc6d549da9a758f565981f8e25a376c87bef263797bee",
          "size": 562
        },
        "references/binary.md": {
          "sha256": "4ad626f9ae5d711c69f0bff7250c38f43c3c27f5acb2470769a0eed0178a92f5",
          "size": 481
        },
        "references/compare.md": {
          "sha256": "1f3dbc50dd46069b6654d833595cdbcebbafad4e0d05c81ec66ae119d4f56346",
          "size": 475
        },
        "references/compliance.md": {
          "sha256": "09190b046521c367495bedbb06a4c08bdf25d6c311e8af6f03c30c87b93d7db6",
          "size": 485
        },
        "references/dialect.md": {
          "sha256": "b4be36352ad193d70d71337353bb781e7f7c16755803abfc5040a5a8b8bde246",
          "size": 499
        },
        "references/live.md": {
          "sha256": "32394d63716c022d51d2c8525101f0158c2c7dd293c49dee76922b1aaee49b54",
          "size": 519
        },
        "references/plan.md": {
          "sha256": "f0a6a6382ed1ede71f9e35d49da8f3d1ae12a83a91c4b54306debf31227241ac",
          "size": 700
        },
        "references/quality.md": {
          "sha256": "eb1bdef3d86edb12dccc15d96af3f90f2d89f408f100605383ff0d14d258032c",
          "size": 471
        },
        "references/test.md": {
          "sha256": "e8028378a9f13c7b748eee201335b7448c52ccbb4fc68c3f9271fab8954d15db",
          "size": 585
        },
        "SKILL.md": {
          "sha256": "fc2fb02c861487cc8ed2fca241b3da03741be37672c44348118d2454eb3f5d03",
          "size": 3000
        },
        "skill.yaml": {
          "sha256": "00bf607e7bbefc290148cd0a87620a91d2c2b84bd9895686f1dd9eca928954bd",
          "size": 89
        }
      }
    },
    "SHARED/commit-framework": {
      "source": {
        "type": "local",
        "name": "personal",
        "path": "/Users/joe/.skill-sync/skills/SHARED/commit-framework",
        "fetchedAt": "2026-05-23T14:30:20.937Z"
      },
      "installMode": "mirror",
      "files": {
        "SKILL.md": {
          "sha256": "10b6f305ec13b2cd22a788b89d176d8f7e65197ba2fed90c7e2d846c968303dd",
          "size": 1192
        },
        "skill.yaml": {
          "sha256": "39b007a53d9126d3fe4e8938a67d616a52be210a82ba211753afa92a073d06bd",
          "size": 78
        }
      }
    },
    "SHARED/verify-framework": {
      "source": {
        "type": "local",
        "name": "personal",
        "path": "/Users/joe/.skill-sync/skills/SHARED/verify-framework",
        "fetchedAt": "2026-05-23T14:30:20.937Z"
      },
      "installMode": "mirror",
      "files": {
        "SKILL.md": {
          "sha256": "34e725cc1dc63bd86b5e88635569443d2d8cc57c9a6d780ee4cde99d8e84da92",
          "size": 1533
        },
        "skill.yaml": {
          "sha256": "39b007a53d9126d3fe4e8938a67d616a52be210a82ba211753afa92a073d06bd",
          "size": 78
        }
      }
    },
    "SHARED/research-framework": {
      "source": {
        "type": "local",
        "name": "personal",
        "path": "/Users/joe/.skill-sync/skills/SHARED/research-framework",
        "fetchedAt": "2026-05-23T14:30:20.938Z"
      },
      "installMode": "mirror",
      "files": {
        "SKILL.md": {
          "sha256": "b9a0b7beab49cd4311b9666d4841451f243d29f8d376320d1cdc8fdc9f4430fe",
          "size": 705
        },
        "skill.yaml": {
          "sha256": "39b007a53d9126d3fe4e8938a67d616a52be210a82ba211753afa92a073d06bd",
          "size": 78
        }
      }
    },
    "SHARED/compare-framework": {
      "source": {
        "type": "local",
        "name": "personal",
        "path": "/Users/joe/.skill-sync/skills/SHARED/compare-framework",
        "fetchedAt": "2026-05-23T14:30:20.939Z"
      },
      "installMode": "mirror",
      "files": {
        "SKILL.md": {
          "sha256": "1fec8a2a78e08bcba707dccb5e63edd465b62acdbb2551667f770b6fd6d33a15",
          "size": 1014
        },
        "skill.yaml": {
          "sha256": "39b007a53d9126d3fe4e8938a67d616a52be210a82ba211753afa92a073d06bd",
          "size": 78
        }
      }
    },
    "SHARED/shrink-framework": {
      "source": {
        "type": "local",
        "name": "personal",
        "path": "/Users/joe/.skill-sync/skills/SHARED/shrink-framework",
        "fetchedAt": "2026-05-23T14:30:20.939Z"
      },
      "installMode": "mirror",
      "files": {
        "SKILL.md": {
          "sha256": "9628876855c8ee95b7d2579de39896cf6a94a74e15a33cf0a2bd1522d63b4a44",
          "size": 1524
        },
        "skill.yaml": {
          "sha256": "39b007a53d9126d3fe4e8938a67d616a52be210a82ba211753afa92a073d06bd",
          "size": 78
        }
      }
    },
    "SHARED/review-protocol": {
      "source": {
        "type": "local",
        "name": "personal",
        "path": "/Users/joe/.skill-sync/skills/SHARED/review-protocol",
        "fetchedAt": "2026-05-23T14:30:20.940Z"
      },
      "installMode": "mirror",
      "files": {
        "SKILL.md": {
          "sha256": "c9163a1459530450a089bbbfff366c3d549c5c1b93045668d922b6f45c363c92",
          "size": 2221
        },
        "skill.yaml": {
          "sha256": "efe5d79366ee8ff39450f8e68b47c2fcd021f547585d1546a35e3e3f66078545",
          "size": 104
        }
      }
    },
    "SHARED/plan-deepening-framework": {
      "source": {
        "type": "local",
        "name": "personal",
        "path": "/Users/joe/.skill-sync/skills/SHARED/plan-deepening-framework",
        "fetchedAt": "2026-05-23T14:30:20.940Z"
      },
      "installMode": "mirror",
      "files": {
        "SKILL.md": {
          "sha256": "7eb6c98a00c01504b0884503bf3e00eaa7adfb9618756dc85c8d3f8ca3beef35",
          "size": 762
        },
        "skill.yaml": {
          "sha256": "39b007a53d9126d3fe4e8938a67d616a52be210a82ba211753afa92a073d06bd",
          "size": 78
        }
      }
    },
    "SHARED/context-guide": {
      "source": {
        "type": "local",
        "name": "personal",
        "path": "/Users/joe/.skill-sync/skills/SHARED/context-guide",
        "fetchedAt": "2026-05-23T14:30:20.941Z"
      },
      "installMode": "mirror",
      "files": {
        "SKILL.md": {
          "sha256": "0413953634eccb95c9dafb270f2ff0298940b240d516f1d1d5fee385e006c61d",
          "size": 917
        },
        "skill.yaml": {
          "sha256": "39b007a53d9126d3fe4e8938a67d616a52be210a82ba211753afa92a073d06bd",
          "size": 78
        }
      }
    },
    "SHARED/debug-framework": {
      "source": {
        "type": "local",
        "name": "personal",
        "path": "/Users/joe/.skill-sync/skills/SHARED/debug-framework",
        "fetchedAt": "2026-05-23T14:30:20.942Z"
      },
      "installMode": "mirror",
      "files": {
        "SKILL.md": {
          "sha256": "1964ce9faabda89c45c4eebdceac3ebb5d82e227fb01cf0b3560f2d332a6785f",
          "size": 1962
        },
        "skill.yaml": {
          "sha256": "5a05145cb3c931665ea3b76d47bb4f46d7f33316f525076bdefd0df31cd44afb",
          "size": 123
        }
      }
    },
    "SHARED/slicing-framework": {
      "source": {
        "type": "local",
        "name": "personal",
        "path": "/Users/joe/.skill-sync/skills/SHARED/slicing-framework",
        "fetchedAt": "2026-05-23T14:30:20.942Z"
      },
      "installMode": "mirror",
      "files": {
        "SKILL.md": {
          "sha256": "4660596bd35ffcfc81dece939739c8cc312f38b93f07177f72f08c23a625ae59",
          "size": 745
        },
        "skill.yaml": {
          "sha256": "39b007a53d9126d3fe4e8938a67d616a52be210a82ba211753afa92a073d06bd",
          "size": 78
        }
      }
    }
  }
}
